
Microsoft Visual Studio Solution File, Format Version 12.00
# Visual Studio 14
VisualStudioVersion = 14.0.25420.1
MinimumVisualStudioVersion = 10.0.40219.1
Project("{FAE04EC0-301F-11D3-BF4B-00C04F79EFBC}") = "TestTask", "TestTask\TestTask.csproj", "{71FA5E23-59D1-471E-A4BD-FBE495274F4B}"
EndProject
Project("{FAE04EC0-301F-11D3-BF4B-00C04F79EFBC}") = "Entities", "Entities\Entities.csproj", "{EEA30B74-0D17-4113-967C-D55A455008A3}"
EndProject
Project("{FAE04EC0-301F-11D3-BF4B-00C04F79EFBC}") = "Service", "Service\Service.csproj", "{C3FE7D48-BA80-4A82-AED1-7992DE5A9387}"
EndProject
Project("{FAE04EC0-301F-11D3-BF4B-00C04F79EFBC}") = "Logic", "Logic\Logic.csproj", "{22F12DA9-E7AD-4E7F-AD8B-B78EC22700AE}"
EndProject
Project("{FAE04EC0-301F-11D3-BF4B-00C04F79EFBC}") = "TestTask.Tests", "TestTask.Tests\TestTask.Tests.csproj", "{DFF2624D-4EAD-4621-8EF9-0FFB69512E55}"
EndProject
Global
	GlobalSection(SolutionConfigurationPlatforms) = preSolution
		Debug|Any CPU = Debug|Any CPU
		Release|Any CPU = Release|Any CPU
	EndGlobalSection
	GlobalSection(ProjectConfigurationPlatforms) = postSolution
		{71FA5E23-59D1-471E-A4BD-FBE495274F4B}.Debug|Any CPU.ActiveCfg = Debug|Any CPU
		{71FA5E23-59D1-471E-A4BD-FBE495274F4B}.Debug|Any CPU.Build.0 = Debug|Any CPU
		{71FA5E23-59D1-471E-A4BD-FBE495274F4B}.Release|Any CPU.ActiveCfg = Release|Any CPU
		{71FA5E23-59D1-471E-A4BD-FBE495274F4B}.Release|Any CPU.Build.0 = Release|Any CPU
		{EEA30B74-0D17-4113-967C-D55A455008A3}.Debug|Any CPU.ActiveCfg = Debug|Any CPU
		{EEA30B74-0D17-4113-967C-D55A455008A3}.Debug|Any CPU.Build.0 = Debug|Any CPU
		{EEA30B74-0D17-4113-967C-D55A455008A3}.Release|Any CPU.ActiveCfg = Release|Any CPU
		{EEA30B74-0D17-4113-967C-D55A455008A3}.Release|Any CPU.Build.0 = Release|Any CPU
		{C3FE7D48-BA80-4A82-AED1-7992DE5A9387}.Debug|Any CPU.ActiveCfg = Debug|Any CPU
		{C3FE7D48-BA80-4A82-AED1-7992DE5A9387}.Debug|Any CPU.Build.0 = Debug|Any CPU
		{C3FE7D48-BA80-4A82-AED1-7992DE5A9387}.Release|Any CPU.ActiveCfg = Release|Any CPU
		{C3FE7D48-BA80-4A82-AED1-7992DE5A9387}.Release|Any CPU.Build.0 = Release|Any CPU
		{22F12DA9-E7AD-4E7F-AD8B-B78EC22700AE}.Debug|Any CPU.ActiveCfg = Debug|Any CPU
		{22F12DA9-E7AD-4E7F-AD8B-B78EC22700AE}.Debug|Any CPU.Build.0 = Debug|Any CPU
		{22F12DA9-E7AD-4E7F-AD8B-B78EC22700AE}.Release|Any CPU.ActiveCfg = Release|Any CPU
		{22F12DA9-E7AD-4E7F-AD8B-B78EC22700AE}.Release|Any CPU.Build.0 = Release|Any CPU
		{DFF2624D-4EAD-4621-8EF9-0FFB69512E55}.Debug|Any CPU.ActiveCfg = Debug|Any CPU
		{DFF2624D-4EAD-4621-8EF9-0FFB69512E55}.Debug|Any CPU.Build.0 = Debug|Any CPU
		{DFF2624D-4EAD-4621-8EF9-0FFB69512E55}.Release|Any CPU.ActiveCfg = Release|Any CPU
		{DFF2624D-4EAD-4621-8EF9-0FFB69512E55}.Release|Any CPU.Build.0 = Release|Any CPU
	EndGlobalSection
	GlobalSection(SolutionProperties) = preSolution
		HideSolutionNode = FALSE
	EndGlobalSection
EndGlobal
